
Microsoft Visual Studio Solution File, Format Version 12.00
# Visual Studio 15
VisualStudioVersion = 15.0.27428.1
MinimumVisualStudioVersion = 10.0.40219.1
Project("{FAE04EC0-301F-11D3-BF4B-00C04F79EFBC}") = "Test1", "Test1\Test1.csproj", "{6F9FB1C7-E5D3-47B8-87E4-2A2822A94F02}"
EndProject
Project("{9A19103F-16F7-4668-BE54-9A1E7A4F7556}") = "Test2", "Test2\Test2.csproj", "{20B61588-3515-4B81-B2E5-04C68557EB58}"
EndProject
Global
	GlobalSection(SolutionConfigurationPlatforms) = preSolution
		Debug|Any CPU = Debug|Any CPU
		Release|Any CPU = Release|Any CPU
	EndGlobalSection
	GlobalSection(ProjectConfigurationPlatforms) = postSolution
		{6F9FB1C7-E5D3-47B8-87E4-2A2822A94F02}.Debug|Any CPU.ActiveCfg = Debug|Any CPU
		{6F9FB1C7-E5D3-47B8-87E4-2A2822A94F02}.Debug|Any CPU.Build.0 = Debug|Any CPU
		{6F9FB1C7-E5D3-47B8-87E4-2A2822A94F02}.Release|Any CPU.ActiveCfg = Release|Any CPU
		{6F9FB1C7-E5D3-47B8-87E4-2A2822A94F02}.Release|Any CPU.Build.0 = Release|Any CPU
		{20B61588-3515-4B81-B2E5-04C68557EB58}.Debug|Any CPU.ActiveCfg = Debug|Any CPU
		{20B61588-3515-4B81-B2E5-04C68557EB58}.Debug|Any CPU.Build.0 = Debug|Any CPU
		{20B61588-3515-4B81-B2E5-04C68557EB58}.Release|Any CPU.ActiveCfg = Release|Any CPU
		{20B61588-3515-4B81-B2E5-04C68557EB58}.Release|Any CPU.Build.0 = Release|Any CPU
	EndGlobalSection
	GlobalSection(SolutionProperties) = preSolution
		HideSolutionNode = FALSE
	EndGlobalSection
	GlobalSection(ExtensibilityGlobals) = postSolution
		SolutionGuid = {D065846B-B3C1-4530-9033-9A43AD72BEAF}
	EndGlobalSection
EndGlobal
